
Microsoft Visual Studio Solution File, Format Version 12.00
# Visual Studio Version 17
VisualStudioVersion = 17.10.35027.167
MinimumVisualStudioVersion = 10.0.40219.1
Project("{FAE04EC0-301F-11D3-BF4B-00C04F79EFBC}") = "FuncionariosHorasTrabalhadas", "FuncionariosHorasTrabalhadas\FuncionariosHorasTrabalhadas.csproj", "{76FBB54A-EF23-4446-9572-C6FDF739FEFF}"
EndProject
Global
	GlobalSection(SolutionConfigurationPlatforms) = preSolution
		Debug|Any CPU = Debug|Any CPU
		Release|Any CPU = Release|Any CPU
	EndGlobalSection
	GlobalSection(ProjectConfigurationPlatforms) = postSolution
		{76FBB54A-EF23-4446-9572-C6FDF739FEFF}.Debug|Any CPU.ActiveCfg = Debug|Any CPU
		{76FBB54A-EF23-4446-9572-C6FDF739FEFF}.Debug|Any CPU.Build.0 = Debug|Any CPU
		{76FBB54A-EF23-4446-9572-C6FDF739FEFF}.Release|Any CPU.ActiveCfg = Release|Any CPU
		{76FBB54A-EF23-4446-9572-C6FDF739FEFF}.Release|Any CPU.Build.0 = Release|Any CPU
	EndGlobalSection
	GlobalSection(SolutionProperties) = preSolution
		HideSolutionNode = FALSE
	EndGlobalSection
	GlobalSection(ExtensibilityGlobals) = postSolution
		SolutionGuid = {C75E03FB-B4FF-463E-9A4F-B38E027B5F48}
	EndGlobalSection
EndGlobal
